// !$*UTF8*$!
{
	archiveVersion = 1;
	classes = {
	};
	objectVersion = 46;
	objects = {

/* Begin PBXBuildFile section */
		2077C3721E062C2200506699 /* AppDelegate.swift in Sources */ = {isa = PBXBuildFile; fileRef = 2077C3711E062C2200506699 /* AppDelegate.swift */; };
		2077C3741E062C2200506699 /* ViewController.swift in Sources */ = {isa = PBXBuildFile; fileRef = 2077C3731E062C2200506699 /* ViewController.swift */; };
		2077C3771E062C2200506699 /* Main.storyboard in Resources */ = {isa = PBXBuildFile; fileRef = 2077C3751E062C2200506699 /* Main.storyboard */; };
		2077C3791E062C2200506699 /* Assets.xcassets in Resources */ = {isa = PBXBuildFile; fileRef = 2077C3781E062C2200506699 /* Assets.xcassets */; };
		2077C37C1E062C2200506699 /* LaunchScreen.storyboard in Resources */ = {isa = PBXBuildFile; fileRef = 2077C37A1E062C2200506699 /* LaunchScreen.storyboard */; };
		2077C3871E062C2200506699 /* MVVMNotesTests.swift in Sources */ = {isa = PBXBuildFile; fileRef = 2077C3861E062C2200506699 /* MVVMNotesTests.swift */; };
		2077C3921E062C2300506699 /* MVVMNotesUITests.swift in Sources */ = {isa = PBXBuildFile; fileRef = 2077C3911E062C2300506699 /* MVVMNotesUITests.swift */; };
/* End PBXBuildFile section */

/* Begin PBXContainerItemProxy section */
		2077C3831E062C2200506699 /* PBXContainerItemProxy */ = {
			isa = PBXContainerItemProxy;
			containerPortal = 2077C3661E062C2200506699 /* Project object */;
			proxyType = 1;
			remoteGlobalIDString = 2077C36D1E062C2200506699;
			remoteInfo = MVVMNotes;
		};
		2077C38E1E062C2300506699 /* PBXContainerItemProxy */ = {
			isa = PBXContainerItemProxy;
			containerPortal = 2077C3661E062C2200506699 /* Project object */;
			proxyType = 1;
			remoteGlobalIDString = 2077C36D1E062C2200506699;
			remoteInfo = MVVMNotes;
		};
/* End PBXContainerItemProxy section */

/* Begin PBXFileReference section */
		2077C36E1E062C2200506699 /* MVVMNotes.app */ = {isa = PBXFileReference; explicitFileType = wrapper.application; includeInIndex = 0; path = MVVMNotes.app; sourceTree = BUILT_PRODUCTS_DIR; };
		2077C3711E062C2200506699 /* AppDelegate.swift */ = {isa = PBXFileReference; lastKnownFileType = sourcecode.swift; path = AppDelegate.swift; sourceTree = "<group>"; };
		2077C3731E062C2200506699 /* ViewController.swift */ = {isa = PBXFileReference; lastKnownFileType = sourcecode.swift; path = ViewController.swift; sourceTree = "<group>"; };
		2077C3761E062C2200506699 /* Base */ = {isa = PBXFileReference; lastKnownFileType = file.storyboard; name = Base; path = Base.lproj/Main.storyboard; sourceTree = "<group>"; };
		2077C3781E062C2200506699 /* Assets.xcassets */ = {isa = PBXFileReference; lastKnownFileType = folder.assetcatalog; path = Assets.xcassets; sourceTree = "<group>"; };
		2077C37B1E062C2200506699 /* Base */ = {isa = PBXFileReference; lastKnownFileType = file.storyboard; name = Base; path = Base.lproj/LaunchScreen.storyboard; sourceTree = "<group>"; };
		2077C37D1E062C2200506699 /* Info.plist */ = {isa = PBXFileReference; lastKnownFileType = text.plist.xml; path = Info.plist; sourceTree = "<group>"; };
		2077C3821E062C2200506699 /* MVVMNotesTests.xctest */ = {isa = PBXFileReference; explicitFileType = wrapper.cfbundle; includeInIndex = 0; path = MVVMNotesTests.xctest; sourceTree = BUILT_PRODUCTS_DIR; };
		2077C3861E062C2200506699 /* MVVMNotesTests.swift */ = {isa = PBXFileReference; lastKnownFileType = sourcecode.swift; path = MVVMNotesTests.swift; sourceTree = "<group>"; };
		2077C3881E062C2200506699 /* Info.plist */ = {isa = PBXFileReference; lastKnownFileType = text.plist.xml; path = Info.plist; sourceTree = "<group>"; };
		2077C38D1E062C2300506699 /* MVVMNotesUITests.xctest */ = {isa = PBXFileReference; explicitFileType = wrapper.cfbundle; includeInIndex = 0; path = MVVMNotesUITests.xctest; sourceTree = BUILT_PRODUCTS_DIR; };
		2077C3911E062C2300506699 /* MVVMNotesUITests.swift */ = {isa = PBXFileReference; lastKnownFileType = sourcecode.swift; path = MVVMNotesUITests.swift; sourceTree = "<group>"; };
		2077C3931E062C2300506699 /* Info.plist */ = {isa = PBXFileReference; lastKnownFileType = text.plist.xml; path = Info.plist; sourceTree = "<group>"; };
/* End PBXFileReference section */

/* Begin PBXFrameworksBuildPhase section */
		2077C36B1E062C2200506699 /* Frameworks */ = {
			isa = PBXFrameworksBuildPhase;
			buildActionMask = 2147483647;
			files = (
			);
			runOnlyForDeploymentPostprocessing = 0;
		};
		2077C37F1E062C2200506699 /* Frameworks */ = {
			isa = PBXFrameworksBuildPhase;
			buildActionMask = 2147483647;
			files = (
			);
			runOnlyForDeploymentPostprocessing = 0;
		};
		2077C38A1E062C2300506699 /* Frameworks */ = {
			isa = PBXFrameworksBuildPhase;
			buildActionMask = 2147483647;
			files = (
			);
			runOnlyForDeploymentPostprocessing = 0;
		};
/* End PBXFrameworksBuildPhase section */

/* Begin PBXGroup section */
		2077C3651E062C2200506699 = {
			isa = PBXGroup;
			children = (
				2077C3701E062C2200506699 /* MVVMNotes */,
				2077C3851E062C2200506699 /* MVVMNotesTests */,
				2077C3901E062C2300506699 /* MVVMNotesUITests */,
				2077C36F1E062C2200506699 /* Products */,
			);
			sourceTree = "<group>";
		};
		2077C36F1E062C2200506699 /* Products */ = {
			isa = PBXGroup;
			children = (
				2077C36E1E062C2200506699 /* MVVMNotes.app */,
				2077C3821E062C2200506699 /* MVVMNotesTests.xctest */,
				2077C38D1E062C2300506699 /* MVVMNotesUITests.xctest */,
			);
			name = Products;
			sourceTree = "<group>";
		};
		2077C3701E062C2200506699 /* MVVMNotes */ = {
			isa = PBXGroup;
			children = (
				2077C3711E062C2200506699 /* AppDelegate.swift */,
				2077C3731E062C2200506699 /* ViewController.swift */,
				2077C3751E062C2200506699 /* Main.storyboard */,
				2077C3781E062C2200506699 /* Assets.xcassets */,
				2077C37A1E062C2200506699 /* LaunchScreen.storyboard */,
				2077C37D1E062C2200506699 /* Info.plist */,
			);
			path = MVVMNotes;
			sourceTree = "<group>";
		};
		2077C3851E062C2200506699 /* MVVMNotesTests */ = {
			isa = PBXGroup;
			children = (
				2077C3861E062C2200506699 /* MVVMNotesTests.swift */,
				2077C3881E062C2200506699 /* Info.plist */,
			);
			path = MVVMNotesTests;
			sourceTree = "<group>";
		};
		2077C3901E062C2300506699 /* MVVMNotesUITests */ = {
			isa = PBXGroup;
			children = (
				2077C3911E062C2300506699 /* MVVMNotesUITests.swift */,
				2077C3931E062C2300506699 /* Info.plist */,
			);
			path = MVVMNotesUITests;
			sourceTree = "<group>";
		};
/* End PBXGroup section */

/* Begin PBXNativeTarget section */
		2077C36D1E062C2200506699 /* MVVMNotes */ = {
			isa = PBXNativeTarget;
			buildConfigurationList = 2077C3961E062C2300506699 /* Build configuration list for PBXNativeTarget "MVVMNotes" */;
			buildPhases = (
				2077C36A1E062C2200506699 /* Sources */,
				2077C36B1E062C2200506699 /* Frameworks */,
				2077C36C1E062C2200506699 /* Resources */,
			);
			buildRules = (
			);
			dependencies = (
			);
			name = MVVMNotes;
			productName = MVVMNotes;
			productReference = 2077C36E1E062C2200506699 /* MVVMNotes.app */;
			productType = "com.apple.product-type.application";
		};
		2077C3811E062C2200506699 /* MVVMNotesTests */ = {
			isa = PBXNativeTarget;
			buildConfigurationList = 2077C3991E062C2300506699 /* Build configuration list for PBXNativeTarget "MVVMNotesTests" */;
			buildPhases = (
				2077C37E1E062C2200506699 /* Sources */,
				2077C37F1E062C2200506699 /* Frameworks */,
				2077C3801E062C2200506699 /* Resources */,
			);
			buildRules = (
			);
			dependencies = (
				2077C3841E062C2200506699 /* PBXTargetDependency */,
			);
			name = MVVMNotesTests;
			productName = MVVMNotesTests;
			productReference = 2077C3821E062C2200506699 /* MVVMNotesTests.xctest */;
			productType = "com.apple.product-type.bundle.unit-test";
		};
		2077C38C1E062C2300506699 /* MVVMNotesUITests */ = {
			isa = PBXNativeTarget;
			buildConfigurationList = 2077C39C1E062C2300506699 /* Build configuration list for PBXNativeTarget "MVVMNotesUITests" */;
			buildPhases = (
				2077C3891E062C2300506699 /* Sources */,
				2077C38A1E062C2300506699 /* Frameworks */,
				2077C38B1E062C2300506699 /* Resources */,
			);
			buildRules = (
			);
			dependencies = (
				2077C38F1E062C2300506699 /* PBXTargetDependency */,
			);
			name = MVVMNotesUITests;
			productName = MVVMNotesUITests;
			productReference = 2077C38D1E062C2300506699 /* MVVMNotesUITests.xctest */;
			productType = "com.apple.product-type.bundle.ui-testing";
		};
/* End PBXNativeTarget section */

/* Begin PBXProject section */
		2077C3661E062C2200506699 /* Project object */ = {
			isa = PBXProject;
			attributes = {
				LastSwiftUpdateCheck = 0810;
				LastUpgradeCheck = 0810;
				ORGANIZATIONNAME = "Evan Grossman";
				TargetAttributes = {
					2077C36D1E062C2200506699 = {
						CreatedOnToolsVersion = 8.1;
						ProvisioningStyle = Automatic;
					};
					2077C3811E062C2200506699 = {
						CreatedOnToolsVersion = 8.1;
						ProvisioningStyle = Automatic;
						TestTargetID = 2077C36D1E062C2200506699;
					};
					2077C38C1E062C2300506699 = {
						CreatedOnToolsVersion = 8.1;
						ProvisioningStyle = Automatic;
						TestTargetID = 2077C36D1E062C2200506699;
					};
				};
			};
			buildConfigurationList = 2077C3691E062C2200506699 /* Build configuration list for PBXProject "MVVMNotes" */;
			compatibilityVersion = "Xcode 3.2";
			developmentRegion = English;
			hasScannedForEncodings = 0;
			knownRegions = (
				en,
				Base,
			);
			mainGroup = 2077C3651E062C2200506699;
			productRefGroup = 2077C36F1E062C2200506699 /* Products */;
			projectDirPath = "";
			projectRoot = "";
			targets = (
				2077C36D1E062C2200506699 /* MVVMNotes */,
				2077C3811E062C2200506699 /* MVVMNotesTests */,
				2077C38C1E062C2300506699 /* MVVMNotesUITests */,
			);
		};
/* End PBXProject section */

/* Begin PBXResourcesBuildPhase section */
		2077C36C1E062C2200506699 /* Resources */ = {
			isa = PBXResourcesBuildPhase;
			buildActionMask = 2147483647;
			files = (
				2077C37C1E062C2200506699 /* LaunchScreen.storyboard in Resources */,
				2077C3791E062C2200506699 /* Assets.xcassets in Resources */,
				2077C3771E062C2200506699 /* Main.storyboard in Resources */,
			);
			runOnlyForDeploymentPostprocessing = 0;
		};
		2077C3801E062C2200506699 /* Resources */ = {
			isa = PBXResourcesBuildPhase;
			buildActionMask = 2147483647;
			files = (
			);
			runOnlyForDeploymentPostprocessing = 0;
		};
		2077C38B1E062C2300506699 /* Resources */ = {
			isa = PBXResourcesBuildPhase;
			buildActionMask = 2147483647;
			files = (
			);
			runOnlyForDeploymentPostprocessing = 0;
		};
/* End PBXResourcesBuildPhase section */

/* Begin PBXSourcesBuildPhase section */
		2077C36A1E062C2200506699 /* Sources */ = {
			isa = PBXSourcesBuildPhase;
			buildActionMask = 2147483647;
			files = (
				2077C3741E062C2200506699 /* ViewController.swift in Sources */,
				2077C3721E062C2200506699 /* AppDelegate.swift in Sources */,
			);
			runOnlyForDeploymentPostprocessing = 0;
		};
		2077C37E1E062C2200506699 /* Sources */ = {
			isa = PBXSourcesBuildPhase;
			buildActionMask = 2147483647;
			files = (
				2077C3871E062C2200506699 /* MVVMNotesTests.swift in Sources */,
			);
			runOnlyForDeploymentPostprocessing = 0;
		};
		2077C3891E062C2300506699 /* Sources */ = {
			isa = PBXSourcesBuildPhase;
			buildActionMask = 2147483647;
			files = (
				2077C3921E062C2300506699 /* MVVMNotesUITests.swift in Sources */,
			);
			runOnlyForDeploymentPostprocessing = 0;
		};
/* End PBXSourcesBuildPhase section */

/* Begin PBXTargetDependency section */
		2077C3841E062C2200506699 /* PBXTargetDependency */ = {
			isa = PBXTargetDependency;
			target = 2077C36D1E062C2200506699 /* MVVMNotes */;
			targetProxy = 2077C3831E062C2200506699 /* PBXContainerItemProxy */;
		};
		2077C38F1E062C2300506699 /* PBXTargetDependency */ = {
			isa = PBXTargetDependency;
			target = 2077C36D1E062C2200506699 /* MVVMNotes */;
			targetProxy = 2077C38E1E062C2300506699 /* PBXContainerItemProxy */;
		};
/* End PBXTargetDependency section */

/* Begin PBXVariantGroup section */
		2077C3751E062C2200506699 /* Main.storyboard */ = {
			isa = PBXVariantGroup;
			children = (
				2077C3761E062C2200506699 /* Base */,
			);
			name = Main.storyboard;
			sourceTree = "<group>";
		};
		2077C37A1E062C2200506699 /* LaunchScreen.storyboard */ = {
			isa = PBXVariantGroup;
			children = (
				2077C37B1E062C2200506699 /* Base */,
			);
			name = LaunchScreen.storyboard;
			sourceTree = "<group>";
		};
/* End PBXVariantGroup section */

/* Begin XCBuildConfiguration section */
		2077C3941E062C2300506699 /* Debug */ = {
			isa = XCBuildConfiguration;
			buildSettings = {
				ALWAYS_SEARCH_USER_PATHS = NO;
				CLANG_ANALYZER_NONNULL = YES;
				CLANG_CXX_LANGUAGE_STANDARD = "gnu++0x";
				CLANG_CXX_LIBRARY = "libc++";
				CLANG_ENABLE_MODULES = YES;
				CLANG_ENABLE_OBJC_ARC = YES;
				CLANG_WARN_BOOL_CONVERSION = YES;
				CLANG_WARN_CONSTANT_CONVERSION = YES;
				CLANG_WARN_DIRECT_OBJC_ISA_USAGE = YES_ERROR;
				CLANG_WARN_DOCUMENTATION_COMMENTS = YES;
				CLANG_WARN_EMPTY_BODY = YES;
				CLANG_WARN_ENUM_CONVERSION = YES;
				CLANG_WARN_INFINITE_RECURSION = YES;
				CLANG_WARN_INT_CONVERSION = YES;
				CLANG_WARN_OBJC_ROOT_CLASS = YES_ERROR;
				CLANG_WARN_SUSPICIOUS_MOVES = YES;
				CLANG_WARN_UNREACHABLE_CODE = YES;
				CLANG_WARN__DUPLICATE_METHOD_MATCH = YES;
				"CODE_SIGN_IDENTITY[sdk=iphoneos*]" = "iPhone Developer";
				COPY_PHASE_STRIP = NO;
				DEBUG_INFORMATION_FORMAT = dwarf;
				ENABLE_STRICT_OBJC_MSGSEND = YES;
				ENABLE_TESTABILITY = YES;
				GCC_C_LANGUAGE_STANDARD = gnu99;
				GCC_DYNAMIC_NO_PIC = NO;
				GCC_NO_COMMON_BLOCKS = YES;
				GCC_OPTIMIZATION_LEVEL = 0;
				GCC_PREPROCESSOR_DEFINITIONS = (
					"DEBUG=1",
					"$(inherited)",
				);
				GCC_WARN_64_TO_32_BIT_CONVERSION = YES;
				GCC_WARN_ABOUT_RETURN_TYPE = YES_ERROR;
				GCC_WARN_UNDECLARED_SELECTOR = YES;
				GCC_WARN_UNINITIALIZED_AUTOS = YES_AGGRESSIVE;
				GCC_WARN_UNUSED_FUNCTION = YES;
				GCC_WARN_UNUSED_VARIABLE = YES;
				IPHONEOS_DEPLOYMENT_TARGET = 10.1;
				MTL_ENABLE_DEBUG_INFO = YES;
				ONLY_ACTIVE_ARCH = YES;
				SDKROOT = iphoneos;
				SWIFT_ACTIVE_COMPILATION_CONDITIONS = DEBUG;
				SWIFT_OPTIMIZATION_LEVEL = "-Onone";
				TARGETED_DEVICE_FAMILY = "1,2";
			};
			name = Debug;
		};
		2077C3951E062C2300506699 /* Release */ = {
			isa = XCBuildConfiguration;
			buildSettings = {
				ALWAYS_SEARCH_USER_PATHS = NO;
				CLANG_ANALYZER_NONNULL = YES;
				CLANG_CXX_LANGUAGE_STANDARD = "gnu++0x";
				CLANG_CXX_LIBRARY = "libc++";
				CLANG_ENABLE_MODULES = YES;
				CLANG_ENABLE_OBJC_ARC = YES;
				CLANG_WARN_BOOL_CONVERSION = YES;
				CLANG_WARN_CONSTANT_CONVERSION = YES;
				CLANG_WARN_DIRECT_OBJC_ISA_USAGE = YES_ERROR;
				CLANG_WARN_DOCUMENTATION_COMMENTS = YES;
				CLANG_WARN_EMPTY_BODY = YES;
				CLANG_WARN_ENUM_CONVERSION = YES;
				CLANG_WARN_INFINITE_RECURSION = YES;
				CLANG_WARN_INT_CONVERSION = YES;
				CLANG_WARN_OBJC_ROOT_CLASS = YES_ERROR;
				CLANG_WARN_SUSPICIOUS_MOVES = YES;
				CLANG_WARN_UNREACHABLE_CODE = YES;
				CLANG_WARN__DUPLICATE_METHOD_MATCH = YES;
				"CODE_SIGN_IDENTITY[sdk=iphoneos*]" = "iPhone Developer";
				COPY_PHASE_STRIP = NO;
				DEBUG_INFORMATION_FORMAT = "dwarf-with-dsym";
				ENABLE_NS_ASSERTIONS = NO;
				ENABLE_STRICT_OBJC_MSGSEND = YES;
				GCC_C_LANGUAGE_STANDARD = gnu99;
				GCC_NO_COMMON_BLOCKS = YES;
				GCC_WARN_64_TO_32_BIT_CONVERSION = YES;
				GCC_WARN_ABOUT_RETURN_TYPE = YES_ERROR;
				GCC_WARN_UNDECLARED_SELECTOR = YES;
				GCC_WARN_UNINITIALIZED_AUTOS = YES_AGGRESSIVE;
				GCC_WARN_UNUSED_FUNCTION = YES;
				GCC_WARN_UNUSED_VARIABLE = YES;
				IPHONEOS_DEPLOYMENT_TARGET = 10.1;
				MTL_ENABLE_DEBUG_INFO = NO;
				SDKROOT = iphoneos;
				SWIFT_OPTIMIZATION_LEVEL = "-Owholemodule";
				TARGETED_DEVICE_FAMILY = "1,2";
				VALIDATE_PRODUCT = YES;
			};
			name = Release;
		};
		2077C3971E062C2300506699 /* Debug */ = {
			isa = XCBuildConfiguration;
			buildSettings = {
				ASSETCATALOG_COMPILER_APPICON_NAME = AppIcon;
				INFOPLIST_FILE = MVVMNotes/Info.plist;
				LD_RUNPATH_SEARCH_PATHS = "$(inherited) @executable_path/Frameworks";
				PRODUCT_BUNDLE_IDENTIFIER = eagdev.MVVMNotes;
				PRODUCT_NAME = "$(TARGET_NAME)";
				SWIFT_VERSION = 3.0;
			};
			name = Debug;
		};
		2077C3981E062C2300506699 /* Release */ = {
			isa = XCBuildConfiguration;
			buildSettings = {
				ASSETCATALOG_COMPILER_APPICON_NAME = AppIcon;
				INFOPLIST_FILE = MVVMNotes/Info.plist;
				LD_RUNPATH_SEARCH_PATHS = "$(inherited) @executable_path/Frameworks";
				PRODUCT_BUNDLE_IDENTIFIER = eagdev.MVVMNotes;
				PRODUCT_NAME = "$(TARGET_NAME)";
				SWIFT_VERSION = 3.0;
			};
			name = Release;
		};
		2077C39A1E062C2300506699 /* Debug */ = {
			isa = XCBuildConfiguration;
			buildSettings = {
				ALWAYS_EMBED_SWIFT_STANDARD_LIBRARIES = YES;
				BUNDLE_LOADER = "$(TEST_HOST)";
				INFOPLIST_FILE = MVVMNotesTests/Info.plist;
				LD_RUNPATH_SEARCH_PATHS = "$(inherited) @executable_path/Frameworks @loader_path/Frameworks";
				PRODUCT_BUNDLE_IDENTIFIER = eagdev.MVVMNotesTests;
				PRODUCT_NAME = "$(TARGET_NAME)";
				SWIFT_VERSION = 3.0;
				TEST_HOST = "$(BUILT_PRODUCTS_DIR)/MVVMNotes.app/MVVMNotes";
			};
			name = Debug;
		};
		2077C39B1E062C2300506699 /* Release */ = {
			isa = XCBuildConfiguration;
			buildSettings = {
				ALWAYS_EMBED_SWIFT_STANDARD_LIBRARIES = YES;
				BUNDLE_LOADER = "$(TEST_HOST)";
				INFOPLIST_FILE = MVVMNotesTests/Info.plist;
				LD_RUNPATH_SEARCH_PATHS = "$(inherited) @executable_path/Frameworks @loader_path/Frameworks";
				PRODUCT_BUNDLE_IDENTIFIER = eagdev.MVVMNotesTests;
				PRODUCT_NAME = "$(TARGET_NAME)";
				SWIFT_VERSION = 3.0;
				TEST_HOST = "$(BUILT_PRODUCTS_DIR)/MVVMNotes.app/MVVMNotes";
			};
			name = Release;
		};
		2077C39D1E062C2300506699 /* Debug */ = {
			isa = XCBuildConfiguration;
			buildSettings = {
				ALWAYS_EMBED_SWIFT_STANDARD_LIBRARIES = YES;
				INFOPLIST_FILE = MVVMNotesUITests/Info.plist;
				LD_RUNPATH_SEARCH_PATHS = "$(inherited) @executable_path/Frameworks @loader_path/Frameworks";
				PRODUCT_BUNDLE_IDENTIFIER = eagdev.MVVMNotesUITests;
				PRODUCT_NAME = "$(TARGET_NAME)";
				SWIFT_VERSION = 3.0;
				TEST_TARGET_NAME = MVVMNotes;
			};
			name = Debug;
		};
		2077C39E1E062C2300506699 /* Release */ = {
			isa = XCBuildConfiguration;
			buildSettings = {
				ALWAYS_EMBED_SWIFT_STANDARD_LIBRARIES = YES;
				INFOPLIST_FILE = MVVMNotesUITests/Info.plist;
				LD_RUNPATH_SEARCH_PATHS = "$(inherited) @executable_path/Frameworks @loader_path/Frameworks";
				PRODUCT_BUNDLE_IDENTIFIER = eagdev.MVVMNotesUITests;
				PRODUCT_NAME = "$(TARGET_NAME)";
				SWIFT_VERSION = 3.0;
				TEST_TARGET_NAME = MVVMNotes;
			};
			name = Release;
		};
/* End XCBuildConfiguration section */

/* Begin XCConfigurationList section */
		2077C3691E062C2200506699 /* Build configuration list for PBXProject "MVVMNotes" */ = {
			isa = XCConfigurationList;
			buildConfigurations = (
				2077C3941E062C2300506699 /* Debug */,
				2077C3951E062C2300506699 /* Release */,
			);
			defaultConfigurationIsVisible = 0;
			defaultConfigurationName = Release;
		};
		2077C3961E062C2300506699 /* Build configuration list for PBXNativeTarget "MVVMNotes" */ = {
			isa = XCConfigurationList;
			buildConfigurations = (
				2077C3971E062C2300506699 /* Debug */,
				2077C3981E062C2300506699 /* Release */,
			);
			defaultConfigurationIsVisible = 0;
		};
		2077C3991E062C2300506699 /* Build configuration list for PBXNativeTarget "MVVMNotesTests" */ = {
			isa = XCConfigurationList;
			buildConfigurations = (
				2077C39A1E062C2300506699 /* Debug */,
				2077C39B1E062C2300506699 /* Release */,
			);
			defaultConfigurationIsVisible = 0;
		};
		2077C39C1E062C2300506699 /* Build configuration list for PBXNativeTarget "MVVMNotesUITests" */ = {
			isa = XCConfigurationList;
			buildConfigurations = (
				2077C39D1E062C2300506699 /* Debug */,
				2077C39E1E062C2300506699 /* Release */,
			);
			defaultConfigurationIsVisible = 0;
		};
/* End XCConfigurationList section */
	};
	rootObject = 2077C3661E062C2200506699 /* Project object */;
}
